
Microsoft Visual Studio Solution File, Format Version 12.00
# Visual Studio Version 17
VisualStudioVersion = 17.3.32819.101
MinimumVisualStudioVersion = 10.0.40219.1
Project("{FAE04EC0-301F-11D3-BF4B-00C04F79EFBC}") = "winlock", "winlock\winlock.csproj", "{4E4987FC-1F8A-4086-AD7A-8DEF3A6288B3}"
EndProject
Global
	GlobalSection(SolutionConfigurationPlatforms) = preSolution
		Debug|Any CPU = Debug|Any CPU
		Release|Any CPU = Release|Any CPU
	EndGlobalSection
	GlobalSection(ProjectConfigurationPlatforms) = postSolution
		{4E4987FC-1F8A-4086-AD7A-8DEF3A6288B3}.Debug|Any CPU.ActiveCfg = Debug|Any CPU
		{4E4987FC-1F8A-4086-AD7A-8DEF3A6288B3}.Debug|Any CPU.Build.0 = Debug|Any CPU
		{4E4987FC-1F8A-4086-AD7A-8DEF3A6288B3}.Release|Any CPU.ActiveCfg = Release|Any CPU
		{4E4987FC-1F8A-4086-AD7A-8DEF3A6288B3}.Release|Any CPU.Build.0 = Release|Any CPU
	EndGlobalSection
	GlobalSection(SolutionProperties) = preSolution
		HideSolutionNode = FALSE
	EndGlobalSection
	GlobalSection(ExtensibilityGlobals) = postSolution
		SolutionGuid = {273A533E-985F-4115-ACAB-A4BC381C8CF9}
	EndGlobalSection
EndGlobal
